# THIS IS AN AUTOGENERATED FILE. DO NOT EDIT THIS FILE DIRECTLY.
# yarn lockfile v1


odo-async@1.0.1:
  version "1.0.1"
  resolved "https://registry.yarnpkg.com/odo-async/-/odo-async-1.0.1.tgz#f17b9f132a5d59d4b5a919abc890dac221d724dd"

odo-template@1.0.0:
  version "1.0.0"
  resolved "https://registry.yarnpkg.com/odo-template/-/odo-template-1.0.0.tgz#db337a48a53464275682198b25f0f90b61f5f512"
